
Microsoft Visual Studio Solution File, Format Version 12.00
# Visual Studio Version 17
VisualStudioVersion = 17.9.34616.47
MinimumVisualStudioVersion = 10.0.40219.1
Project("{F184B08F-C81C-45F6-A57F-5ABD9991F28F}") = "Habitro", "Habitro.vbproj", "{A18B8802-9012-464E-81BC-7A1DB67AE73B}"
EndProject
Global
	GlobalSection(SolutionConfigurationPlatforms) = preSolution
		Debug|Any CPU = Debug|Any CPU
		Release|Any CPU = Release|Any CPU
	EndGlobalSection
	GlobalSection(ProjectConfigurationPlatforms) = postSolution
		{A18B8802-9012-464E-81BC-7A1DB67AE73B}.Debug|Any CPU.ActiveCfg = Debug|Any CPU
		{A18B8802-9012-464E-81BC-7A1DB67AE73B}.Debug|Any CPU.Build.0 = Debug|Any CPU
		{A18B8802-9012-464E-81BC-7A1DB67AE73B}.Release|Any CPU.ActiveCfg = Release|Any CPU
		{A18B8802-9012-464E-81BC-7A1DB67AE73B}.Release|Any CPU.Build.0 = Release|Any CPU
	EndGlobalSection
	GlobalSection(SolutionProperties) = preSolution
		HideSolutionNode = FALSE
	EndGlobalSection
	GlobalSection(ExtensibilityGlobals) = postSolution
		SolutionGuid = {BB5B008A-EC96-4F2B-9142-4927EFE53DF4}
	EndGlobalSection
EndGlobal
